
Microsoft Visual Studio Solution File, Format Version 12.00
# Visual Studio Version 17
VisualStudioVersion = 17.9.34616.47
MinimumVisualStudioVersion = 10.0.40219.1
Project("{FAE04EC0-301F-11D3-BF4B-00C04F79EFBC}") = "SaitynaiBackend", "SaitynaiBackend.csproj", "{8944CB8B-B1FF-4CC3-8E21-651B51ADAD4E}"
EndProject
Global
	GlobalSection(SolutionConfigurationPlatforms) = preSolution
		Debug|Any CPU = Debug|Any CPU
		Release|Any CPU = Release|Any CPU
	EndGlobalSection
	GlobalSection(ProjectConfigurationPlatforms) = postSolution
		{8944CB8B-B1FF-4CC3-8E21-651B51ADAD4E}.Debug|Any CPU.ActiveCfg = Debug|Any CPU
		{8944CB8B-B1FF-4CC3-8E21-651B51ADAD4E}.Debug|Any CPU.Build.0 = Debug|Any CPU
		{8944CB8B-B1FF-4CC3-8E21-651B51ADAD4E}.Release|Any CPU.ActiveCfg = Release|Any CPU
		{8944CB8B-B1FF-4CC3-8E21-651B51ADAD4E}.Release|Any CPU.Build.0 = Release|Any CPU
	EndGlobalSection
	GlobalSection(SolutionProperties) = preSolution
		HideSolutionNode = FALSE
	EndGlobalSection
	GlobalSection(ExtensibilityGlobals) = postSolution
		SolutionGuid = {568C92B0-858C-420F-877C-9588C4BF311A}
	EndGlobalSection
EndGlobal
